// !$*UTF8*$!
{
	archiveVersion = 1;
	classes = {
	};
	objectVersion = 55;
	objects = {

/* Begin PBXBuildFile section */
		8B2E1A5E28088B2A005AA840 /* AddNewTask.swift in Sources */ = {isa = PBXBuildFile; fileRef = 8B2E1A5D28088B2A005AA840 /* AddNewTask.swift */; };
		8B2FB10728084FE000FC5AC3 /* HeaderView.swift in Sources */ = {isa = PBXBuildFile; fileRef = 8B2FB10628084FE000FC5AC3 /* HeaderView.swift */; };
		8B2FB1092808506D00FC5AC3 /* TasksCategories.swift in Sources */ = {isa = PBXBuildFile; fileRef = 8B2FB1082808506D00FC5AC3 /* TasksCategories.swift */; };
		8B2FB10C28085BA300FC5AC3 /* TasksModel.swift in Sources */ = {isa = PBXBuildFile; fileRef = 8B2FB10B28085BA300FC5AC3 /* TasksModel.swift */; };
		8B2FB10E2808642300FC5AC3 /* TaskCategoriesRow.swift in Sources */ = {isa = PBXBuildFile; fileRef = 8B2FB10D2808642300FC5AC3 /* TaskCategoriesRow.swift */; };
		8B33CDE12808447B00A48E7F /* OrganizeMeApp.swift in Sources */ = {isa = PBXBuildFile; fileRef = 8B33CDE02808447B00A48E7F /* OrganizeMeApp.swift */; };
		8B33CDE32808447B00A48E7F /* HomeView.swift in Sources */ = {isa = PBXBuildFile; fileRef = 8B33CDE22808447B00A48E7F /* HomeView.swift */; };
		8B33CDE52808447E00A48E7F /* Assets.xcassets in Resources */ = {isa = PBXBuildFile; fileRef = 8B33CDE42808447E00A48E7F /* Assets.xcassets */; };
		8B33CDE82808447E00A48E7F /* Preview Assets.xcassets in Resources */ = {isa = PBXBuildFile; fileRef = 8B33CDE72808447E00A48E7F /* Preview Assets.xcassets */; };
		8B33CDF22808447E00A48E7F /* OrganizeMeTests.swift in Sources */ = {isa = PBXBuildFile; fileRef = 8B33CDF12808447E00A48E7F /* OrganizeMeTests.swift */; };
		8B33CDFC2808447E00A48E7F /* OrganizeMeUITests.swift in Sources */ = {isa = PBXBuildFile; fileRef = 8B33CDFB2808447E00A48E7F /* OrganizeMeUITests.swift */; };
		8B33CDFE2808447E00A48E7F /* OrganizeMeUITestsLaunchTests.swift in Sources */ = {isa = PBXBuildFile; fileRef = 8B33CDFD2808447E00A48E7F /* OrganizeMeUITestsLaunchTests.swift */; };
		8BC7759B2819B80F00589243 /* UserModel.swift in Sources */ = {isa = PBXBuildFile; fileRef = 8BC7759A2819B80F00589243 /* UserModel.swift */; };
		8BFB4EA728131F5600558C78 /* AddNewTaskViewModel.swift in Sources */ = {isa = PBXBuildFile; fileRef = 8BFB4EA628131F5600558C78 /* AddNewTaskViewModel.swift */; };
/* End PBXBuildFile section */

/* Begin PBXContainerItemProxy section */
		8B33CDEE2808447E00A48E7F /* PBXContainerItemProxy */ = {
			isa = PBXContainerItemProxy;
			containerPortal = 8B33CDD52808447B00A48E7F /* Project object */;
			proxyType = 1;
			remoteGlobalIDString = 8B33CDDC2808447B00A48E7F;
			remoteInfo = OrganizeMe;
		};
		8B33CDF82808447E00A48E7F /* PBXContainerItemProxy */ = {
			isa = PBXContainerItemProxy;
			containerPortal = 8B33CDD52808447B00A48E7F /* Project object */;
			proxyType = 1;
			remoteGlobalIDString = 8B33CDDC2808447B00A48E7F;
			remoteInfo = OrganizeMe;
		};
/* End PBXContainerItemProxy section */

/* Begin PBXFileReference section */
		8B2E1A5D28088B2A005AA840 /* AddNewTask.swift */ = {isa = PBXFileReference; lastKnownFileType = sourcecode.swift; path = AddNewTask.swift; sourceTree = "<group>"; };
		8B2FB10628084FE000FC5AC3 /* HeaderView.swift */ = {isa = PBXFileReference; lastKnownFileType = sourcecode.swift; path = HeaderView.swift; sourceTree = "<group>"; };
		8B2FB1082808506D00FC5AC3 /* TasksCategories.swift */ = {isa = PBXFileReference; lastKnownFileType = sourcecode.swift; path = TasksCategories.swift; sourceTree = "<group>"; };
		8B2FB10B28085BA300FC5AC3 /* TasksModel.swift */ = {isa = PBXFileReference; lastKnownFileType = sourcecode.swift; path = TasksModel.swift; sourceTree = "<group>"; };
		8B2FB10D2808642300FC5AC3 /* TaskCategoriesRow.swift */ = {isa = PBXFileReference; lastKnownFileType = sourcecode.swift; path = TaskCategoriesRow.swift; sourceTree = "<group>"; };
		8B33CDDD2808447B00A48E7F /* OrganizeMe.app */ = {isa = PBXFileReference; explicitFileType = wrapper.application; includeInIndex = 0; path = OrganizeMe.app; sourceTree = BUILT_PRODUCTS_DIR; };
		8B33CDE02808447B00A48E7F /* OrganizeMeApp.swift */ = {isa = PBXFileReference; lastKnownFileType = sourcecode.swift; path = OrganizeMeApp.swift; sourceTree = "<group>"; };
		8B33CDE22808447B00A48E7F /* HomeView.swift */ = {isa = PBXFileReference; lastKnownFileType = sourcecode.swift; path = HomeView.swift; sourceTree = "<group>"; };
		8B33CDE42808447E00A48E7F /* Assets.xcassets */ = {isa = PBXFileReference; lastKnownFileType = folder.assetcatalog; path = Assets.xcassets; sourceTree = "<group>"; };
		8B33CDE72808447E00A48E7F /* Preview Assets.xcassets */ = {isa = PBXFileReference; lastKnownFileType = folder.assetcatalog; path = "Preview Assets.xcassets"; sourceTree = "<group>"; };
		8B33CDED2808447E00A48E7F /* OrganizeMeTests.xctest */ = {isa = PBXFileReference; explicitFileType = wrapper.cfbundle; includeInIndex = 0; path = OrganizeMeTests.xctest; sourceTree = BUILT_PRODUCTS_DIR; };
		8B33CDF12808447E00A48E7F /* OrganizeMeTests.swift */ = {isa = PBXFileReference; lastKnownFileType = sourcecode.swift; path = OrganizeMeTests.swift; sourceTree = "<group>"; };
		8B33CDF72808447E00A48E7F /* OrganizeMeUITests.xctest */ = {isa = PBXFileReference; explicitFileType = wrapper.cfbundle; includeInIndex = 0; path = OrganizeMeUITests.xctest; sourceTree = BUILT_PRODUCTS_DIR; };
		8B33CDFB2808447E00A48E7F /* OrganizeMeUITests.swift */ = {isa = PBXFileReference; lastKnownFileType = sourcecode.swift; path = OrganizeMeUITests.swift; sourceTree = "<group>"; };
		8B33CDFD2808447E00A48E7F /* OrganizeMeUITestsLaunchTests.swift */ = {isa = PBXFileReference; lastKnownFileType = sourcecode.swift; path = OrganizeMeUITestsLaunchTests.swift; sourceTree = "<group>"; };
		8BC7759A2819B80F00589243 /* UserModel.swift */ = {isa = PBXFileReference; lastKnownFileType = sourcecode.swift; path = UserModel.swift; sourceTree = "<group>"; };
		8BFB4EA628131F5600558C78 /* AddNewTaskViewModel.swift */ = {isa = PBXFileReference; lastKnownFileType = sourcecode.swift; path = AddNewTaskViewModel.swift; sourceTree = "<group>"; };
/* End PBXFileReference section */

/* Begin PBXFrameworksBuildPhase section */
		8B33CDDA2808447B00A48E7F /* Frameworks */ = {
			isa = PBXFrameworksBuildPhase;
			buildActionMask = 2147483647;
			files = (
			);
			runOnlyForDeploymentPostprocessing = 0;
		};
		8B33CDEA2808447E00A48E7F /* Frameworks */ = {
			isa = PBXFrameworksBuildPhase;
			buildActionMask = 2147483647;
			files = (
			);
			runOnlyForDeploymentPostprocessing = 0;
		};
		8B33CDF42808447E00A48E7F /* Frameworks */ = {
			isa = PBXFrameworksBuildPhase;
			buildActionMask = 2147483647;
			files = (
			);
			runOnlyForDeploymentPostprocessing = 0;
		};
/* End PBXFrameworksBuildPhase section */

/* Begin PBXGroup section */
		8B2FB102280845FC00FC5AC3 /* MyThings */ = {
			isa = PBXGroup;
			children = (
				8BC775972819B77F00589243 /* Home */,
				8BFB4EA328131F3500558C78 /* AddTask */,
			);
			path = MyThings;
			sourceTree = "<group>";
		};
		8B2FB10A28085B6000FC5AC3 /* Models */ = {
			isa = PBXGroup;
			children = (
				8B2FB10B28085BA300FC5AC3 /* TasksModel.swift */,
				8BC7759A2819B80F00589243 /* UserModel.swift */,
			);
			path = Models;
			sourceTree = "<group>";
		};
		8B33CDD42808447B00A48E7F = {
			isa = PBXGroup;
			children = (
				8B33CDDF2808447B00A48E7F /* OrganizeMe */,
				8B33CDF02808447E00A48E7F /* OrganizeMeTests */,
				8B33CDFA2808447E00A48E7F /* OrganizeMeUITests */,
				8B33CDDE2808447B00A48E7F /* Products */,
			);
			sourceTree = "<group>";
		};
		8B33CDDE2808447B00A48E7F /* Products */ = {
			isa = PBXGroup;
			children = (
				8B33CDDD2808447B00A48E7F /* OrganizeMe.app */,
				8B33CDED2808447E00A48E7F /* OrganizeMeTests.xctest */,
				8B33CDF72808447E00A48E7F /* OrganizeMeUITests.xctest */,
			);
			name = Products;
			sourceTree = "<group>";
		};
		8B33CDDF2808447B00A48E7F /* OrganizeMe */ = {
			isa = PBXGroup;
			children = (
				8B2FB10A28085B6000FC5AC3 /* Models */,
				8B2FB102280845FC00FC5AC3 /* MyThings */,
				8B33CDE02808447B00A48E7F /* OrganizeMeApp.swift */,
				8B33CDE42808447E00A48E7F /* Assets.xcassets */,
				8B33CDE62808447E00A48E7F /* Preview Content */,
			);
			path = OrganizeMe;
			sourceTree = "<group>";
		};
		8B33CDE62808447E00A48E7F /* Preview Content */ = {
			isa = PBXGroup;
			children = (
				8B33CDE72808447E00A48E7F /* Preview Assets.xcassets */,
			);
			path = "Preview Content";
			sourceTree = "<group>";
		};
		8B33CDF02808447E00A48E7F /* OrganizeMeTests */ = {
			isa = PBXGroup;
			children = (
				8B33CDF12808447E00A48E7F /* OrganizeMeTests.swift */,
			);
			path = OrganizeMeTests;
			sourceTree = "<group>";
		};
		8B33CDFA2808447E00A48E7F /* OrganizeMeUITests */ = {
			isa = PBXGroup;
			children = (
				8B33CDFB2808447E00A48E7F /* OrganizeMeUITests.swift */,
				8B33CDFD2808447E00A48E7F /* OrganizeMeUITestsLaunchTests.swift */,
			);
			path = OrganizeMeUITests;
			sourceTree = "<group>";
		};
		8BC775972819B77F00589243 /* Home */ = {
			isa = PBXGroup;
			children = (
				8BC775992819B78D00589243 /* ViewModel */,
				8BC775982819B78600589243 /* View */,
				8BC7759C2819B8A500589243 /* Subviews */,
			);
			path = Home;
			sourceTree = "<group>";
		};
		8BC775982819B78600589243 /* View */ = {
			isa = PBXGroup;
			children = (
				8B33CDE22808447B00A48E7F /* HomeView.swift */,
			);
			path = View;
			sourceTree = "<group>";
		};
		8BC775992819B78D00589243 /* ViewModel */ = {
			isa = PBXGroup;
			children = (
			);
			path = ViewModel;
			sourceTree = "<group>";
		};
		8BC7759C2819B8A500589243 /* Subviews */ = {
			isa = PBXGroup;
			children = (
				8BC7759E2819B92D00589243 /* Header */,
				8BC7759D2819B91F00589243 /* Categories */,
				8BC7759F2819B95500589243 /* Tasks */,
			);
			path = Subviews;
			sourceTree = "<group>";
		};
		8BC7759D2819B91F00589243 /* Categories */ = {
			isa = PBXGroup;
			children = (
				8B2FB1082808506D00FC5AC3 /* TasksCategories.swift */,
				8B2FB10D2808642300FC5AC3 /* TaskCategoriesRow.swift */,
			);
			path = Categories;
			sourceTree = "<group>";
		};
		8BC7759E2819B92D00589243 /* Header */ = {
			isa = PBXGroup;
			children = (
				8B2FB10628084FE000FC5AC3 /* HeaderView.swift */,
			);
			path = Header;
			sourceTree = "<group>";
		};
		8BC7759F2819B95500589243 /* Tasks */ = {
			isa = PBXGroup;
			children = (
			);
			path = Tasks;
			sourceTree = "<group>";
		};
		8BFB4EA328131F3500558C78 /* AddTask */ = {
			isa = PBXGroup;
			children = (
				8BFB4EA528131F4300558C78 /* ViewModel */,
				8BFB4EA428131F3E00558C78 /* View */,
			);
			path = AddTask;
			sourceTree = "<group>";
		};
		8BFB4EA428131F3E00558C78 /* View */ = {
			isa = PBXGroup;
			children = (
				8B2E1A5D28088B2A005AA840 /* AddNewTask.swift */,
			);
			path = View;
			sourceTree = "<group>";
		};
		8BFB4EA528131F4300558C78 /* ViewModel */ = {
			isa = PBXGroup;
			children = (
				8BFB4EA628131F5600558C78 /* AddNewTaskViewModel.swift */,
			);
			path = ViewModel;
			sourceTree = "<group>";
		};
/* End PBXGroup section */

/* Begin PBXNativeTarget section */
		8B33CDDC2808447B00A48E7F /* OrganizeMe */ = {
			isa = PBXNativeTarget;
			buildConfigurationList = 8B33CE012808447E00A48E7F /* Build configuration list for PBXNativeTarget "OrganizeMe" */;
			buildPhases = (
				8B33CDD92808447B00A48E7F /* Sources */,
				8B33CDDA2808447B00A48E7F /* Frameworks */,
				8B33CDDB2808447B00A48E7F /* Resources */,
			);
			buildRules = (
			);
			dependencies = (
			);
			name = OrganizeMe;
			productName = OrganizeMe;
			productReference = 8B33CDDD2808447B00A48E7F /* OrganizeMe.app */;
			productType = "com.apple.product-type.application";
		};
		8B33CDEC2808447E00A48E7F /* OrganizeMeTests */ = {
			isa = PBXNativeTarget;
			buildConfigurationList = 8B33CE042808447E00A48E7F /* Build configuration list for PBXNativeTarget "OrganizeMeTests" */;
			buildPhases = (
				8B33CDE92808447E00A48E7F /* Sources */,
				8B33CDEA2808447E00A48E7F /* Frameworks */,
				8B33CDEB2808447E00A48E7F /* Resources */,
			);
			buildRules = (
			);
			dependencies = (
				8B33CDEF2808447E00A48E7F /* PBXTargetDependency */,
			);
			name = OrganizeMeTests;
			productName = OrganizeMeTests;
			productReference = 8B33CDED2808447E00A48E7F /* OrganizeMeTests.xctest */;
			productType = "com.apple.product-type.bundle.unit-test";
		};
		8B33CDF62808447E00A48E7F /* OrganizeMeUITests */ = {
			isa = PBXNativeTarget;
			buildConfigurationList = 8B33CE072808447E00A48E7F /* Build configuration list for PBXNativeTarget "OrganizeMeUITests" */;
			buildPhases = (
				8B33CDF32808447E00A48E7F /* Sources */,
				8B33CDF42808447E00A48E7F /* Frameworks */,
				8B33CDF52808447E00A48E7F /* Resources */,
			);
			buildRules = (
			);
			dependencies = (
				8B33CDF92808447E00A48E7F /* PBXTargetDependency */,
			);
			name = OrganizeMeUITests;
			productName = OrganizeMeUITests;
			productReference = 8B33CDF72808447E00A48E7F /* OrganizeMeUITests.xctest */;
			productType = "com.apple.product-type.bundle.ui-testing";
		};
/* End PBXNativeTarget section */

/* Begin PBXProject section */
		8B33CDD52808447B00A48E7F /* Project object */ = {
			isa = PBXProject;
			attributes = {
				BuildIndependentTargetsInParallel = 1;
				LastSwiftUpdateCheck = 1320;
				LastUpgradeCheck = 1320;
				TargetAttributes = {
					8B33CDDC2808447B00A48E7F = {
						CreatedOnToolsVersion = 13.2.1;
					};
					8B33CDEC2808447E00A48E7F = {
						CreatedOnToolsVersion = 13.2.1;
						TestTargetID = 8B33CDDC2808447B00A48E7F;
					};
					8B33CDF62808447E00A48E7F = {
						CreatedOnToolsVersion = 13.2.1;
						TestTargetID = 8B33CDDC2808447B00A48E7F;
					};
				};
			};
			buildConfigurationList = 8B33CDD82808447B00A48E7F /* Build configuration list for PBXProject "OrganizeMe" */;
			compatibilityVersion = "Xcode 13.0";
			developmentRegion = en;
			hasScannedForEncodings = 0;
			knownRegions = (
				en,
				Base,
			);
			mainGroup = 8B33CDD42808447B00A48E7F;
			productRefGroup = 8B33CDDE2808447B00A48E7F /* Products */;
			projectDirPath = "";
			projectRoot = "";
			targets = (
				8B33CDDC2808447B00A48E7F /* OrganizeMe */,
				8B33CDEC2808447E00A48E7F /* OrganizeMeTests */,
				8B33CDF62808447E00A48E7F /* OrganizeMeUITests */,
			);
		};
/* End PBXProject section */

/* Begin PBXResourcesBuildPhase section */
		8B33CDDB2808447B00A48E7F /* Resources */ = {
			isa = PBXResourcesBuildPhase;
			buildActionMask = 2147483647;
			files = (
				8B33CDE82808447E00A48E7F /* Preview Assets.xcassets in Resources */,
				8B33CDE52808447E00A48E7F /* Assets.xcassets in Resources */,
			);
			runOnlyForDeploymentPostprocessing = 0;
		};
		8B33CDEB2808447E00A48E7F /* Resources */ = {
			isa = PBXResourcesBuildPhase;
			buildActionMask = 2147483647;
			files = (
			);
			runOnlyForDeploymentPostprocessing = 0;
		};
		8B33CDF52808447E00A48E7F /* Resources */ = {
			isa = PBXResourcesBuildPhase;
			buildActionMask = 2147483647;
			files = (
			);
			runOnlyForDeploymentPostprocessing = 0;
		};
/* End PBXResourcesBuildPhase section */

/* Begin PBXSourcesBuildPhase section */
		8B33CDD92808447B00A48E7F /* Sources */ = {
			isa = PBXSourcesBuildPhase;
			buildActionMask = 2147483647;
			files = (
				8B2FB1092808506D00FC5AC3 /* TasksCategories.swift in Sources */,
				8B2FB10C28085BA300FC5AC3 /* TasksModel.swift in Sources */,
				8B33CDE32808447B00A48E7F /* HomeView.swift in Sources */,
				8B2FB10728084FE000FC5AC3 /* HeaderView.swift in Sources */,
				8B2E1A5E28088B2A005AA840 /* AddNewTask.swift in Sources */,
				8B2FB10E2808642300FC5AC3 /* TaskCategoriesRow.swift in Sources */,
				8BFB4EA728131F5600558C78 /* AddNewTaskViewModel.swift in Sources */,
				8BC7759B2819B80F00589243 /* UserModel.swift in Sources */,
				8B33CDE12808447B00A48E7F /* OrganizeMeApp.swift in Sources */,
			);
			runOnlyForDeploymentPostprocessing = 0;
		};
		8B33CDE92808447E00A48E7F /* Sources */ = {
			isa = PBXSourcesBuildPhase;
			buildActionMask = 2147483647;
			files = (
				8B33CDF22808447E00A48E7F /* OrganizeMeTests.swift in Sources */,
			);
			runOnlyForDeploymentPostprocessing = 0;
		};
		8B33CDF32808447E00A48E7F /* Sources */ = {
			isa = PBXSourcesBuildPhase;
			buildActionMask = 2147483647;
			files = (
				8B33CDFC2808447E00A48E7F /* OrganizeMeUITests.swift in Sources */,
				8B33CDFE2808447E00A48E7F /* OrganizeMeUITestsLaunchTests.swift in Sources */,
			);
			runOnlyForDeploymentPostprocessing = 0;
		};
/* End PBXSourcesBuildPhase section */

/* Begin PBXTargetDependency section */
		8B33CDEF2808447E00A48E7F /* PBXTargetDependency */ = {
			isa = PBXTargetDependency;
			target = 8B33CDDC2808447B00A48E7F /* OrganizeMe */;
			targetProxy = 8B33CDEE2808447E00A48E7F /* PBXContainerItemProxy */;
		};
		8B33CDF92808447E00A48E7F /* PBXTargetDependency */ = {
			isa = PBXTargetDependency;
			target = 8B33CDDC2808447B00A48E7F /* OrganizeMe */;
			targetProxy = 8B33CDF82808447E00A48E7F /* PBXContainerItemProxy */;
		};
/* End PBXTargetDependency section */

/* Begin XCBuildConfiguration section */
		8B33CDFF2808447E00A48E7F /* Debug */ = {
			isa = XCBuildConfiguration;
			buildSettings = {
				ALWAYS_SEARCH_USER_PATHS = NO;
				CLANG_ANALYZER_NONNULL = YES;
				CLANG_ANALYZER_NUMBER_OBJECT_CONVERSION = YES_AGGRESSIVE;
				CLANG_CXX_LANGUAGE_STANDARD = "gnu++17";
				CLANG_CXX_LIBRARY = "libc++";
				CLANG_ENABLE_MODULES = YES;
				CLANG_ENABLE_OBJC_ARC = YES;
				CLANG_ENABLE_OBJC_WEAK = YES;
				CLANG_WARN_BLOCK_CAPTURE_AUTORELEASING = YES;
				CLANG_WARN_BOOL_CONVERSION = YES;
				CLANG_WARN_COMMA = YES;
				CLANG_WARN_CONSTANT_CONVERSION = YES;
				CLANG_WARN_DEPRECATED_OBJC_IMPLEMENTATIONS = YES;
				CLANG_WARN_DIRECT_OBJC_ISA_USAGE = YES_ERROR;
				CLANG_WARN_DOCUMENTATION_COMMENTS = YES;
				CLANG_WARN_EMPTY_BODY = YES;
				CLANG_WARN_ENUM_CONVERSION = YES;
				CLANG_WARN_INFINITE_RECURSION = YES;
				CLANG_WARN_INT_CONVERSION = YES;
				CLANG_WARN_NON_LITERAL_NULL_CONVERSION = YES;
				CLANG_WARN_OBJC_IMPLICIT_RETAIN_SELF = YES;
				CLANG_WARN_OBJC_LITERAL_CONVERSION = YES;
				CLANG_WARN_OBJC_ROOT_CLASS = YES_ERROR;
				CLANG_WARN_QUOTED_INCLUDE_IN_FRAMEWORK_HEADER = YES;
				CLANG_WARN_RANGE_LOOP_ANALYSIS = YES;
				CLANG_WARN_STRICT_PROTOTYPES = YES;
				CLANG_WARN_SUSPICIOUS_MOVE = YES;
				CLANG_WARN_UNGUARDED_AVAILABILITY = YES_AGGRESSIVE;
				CLANG_WARN_UNREACHABLE_CODE = YES;
				CLANG_WARN__DUPLICATE_METHOD_MATCH = YES;
				COPY_PHASE_STRIP = NO;
				DEBUG_INFORMATION_FORMAT = dwarf;
				ENABLE_STRICT_OBJC_MSGSEND = YES;
				ENABLE_TESTABILITY = YES;
				GCC_C_LANGUAGE_STANDARD = gnu11;
				GCC_DYNAMIC_NO_PIC = NO;
				GCC_NO_COMMON_BLOCKS = YES;
				GCC_OPTIMIZATION_LEVEL = 0;
				GCC_PREPROCESSOR_DEFINITIONS = (
					"DEBUG=1",
					"$(inherited)",
				);
				GCC_WARN_64_TO_32_BIT_CONVERSION = YES;
				GCC_WARN_ABOUT_RETURN_TYPE = YES_ERROR;
				GCC_WARN_UNDECLARED_SELECTOR = YES;
				GCC_WARN_UNINITIALIZED_AUTOS = YES_AGGRESSIVE;
				GCC_WARN_UNUSED_FUNCTION = YES;
				GCC_WARN_UNUSED_VARIABLE = YES;
				IPHONEOS_DEPLOYMENT_TARGET = 15.2;
				MTL_ENABLE_DEBUG_INFO = INCLUDE_SOURCE;
				MTL_FAST_MATH = YES;
				ONLY_ACTIVE_ARCH = YES;
				SDKROOT = iphoneos;
				SWIFT_ACTIVE_COMPILATION_CONDITIONS = DEBUG;
				SWIFT_OPTIMIZATION_LEVEL = "-Onone";
			};
			name = Debug;
		};
		8B33CE002808447E00A48E7F /* Release */ = {
			isa = XCBuildConfiguration;
			buildSettings = {
				ALWAYS_SEARCH_USER_PATHS = NO;
				CLANG_ANALYZER_NONNULL = YES;
				CLANG_ANALYZER_NUMBER_OBJECT_CONVERSION = YES_AGGRESSIVE;
				CLANG_CXX_LANGUAGE_STANDARD = "gnu++17";
				CLANG_CXX_LIBRARY = "libc++";
				CLANG_ENABLE_MODULES = YES;
				CLANG_ENABLE_OBJC_ARC = YES;
				CLANG_ENABLE_OBJC_WEAK = YES;
				CLANG_WARN_BLOCK_CAPTURE_AUTORELEASING = YES;
				CLANG_WARN_BOOL_CONVERSION = YES;
				CLANG_WARN_COMMA = YES;
				CLANG_WARN_CONSTANT_CONVERSION = YES;
				CLANG_WARN_DEPRECATED_OBJC_IMPLEMENTATIONS = YES;
				CLANG_WARN_DIRECT_OBJC_ISA_USAGE = YES_ERROR;
				CLANG_WARN_DOCUMENTATION_COMMENTS = YES;
				CLANG_WARN_EMPTY_BODY = YES;
				CLANG_WARN_ENUM_CONVERSION = YES;
				CLANG_WARN_INFINITE_RECURSION = YES;
				CLANG_WARN_INT_CONVERSION = YES;
				CLANG_WARN_NON_LITERAL_NULL_CONVERSION = YES;
				CLANG_WARN_OBJC_IMPLICIT_RETAIN_SELF = YES;
				CLANG_WARN_OBJC_LITERAL_CONVERSION = YES;
				CLANG_WARN_OBJC_ROOT_CLASS = YES_ERROR;
				CLANG_WARN_QUOTED_INCLUDE_IN_FRAMEWORK_HEADER = YES;
				CLANG_WARN_RANGE_LOOP_ANALYSIS = YES;
				CLANG_WARN_STRICT_PROTOTYPES = YES;
				CLANG_WARN_SUSPICIOUS_MOVE = YES;
				CLANG_WARN_UNGUARDED_AVAILABILITY = YES_AGGRESSIVE;
				CLANG_WARN_UNREACHABLE_CODE = YES;
				CLANG_WARN__DUPLICATE_METHOD_MATCH = YES;
				COPY_PHASE_STRIP = NO;
				DEBUG_INFORMATION_FORMAT = "dwarf-with-dsym";
				ENABLE_NS_ASSERTIONS = NO;
				ENABLE_STRICT_OBJC_MSGSEND = YES;
				GCC_C_LANGUAGE_STANDARD = gnu11;
				GCC_NO_COMMON_BLOCKS = YES;
				GCC_WARN_64_TO_32_BIT_CONVERSION = YES;
				GCC_WARN_ABOUT_RETURN_TYPE = YES_ERROR;
				GCC_WARN_UNDECLARED_SELECTOR = YES;
				GCC_WARN_UNINITIALIZED_AUTOS = YES_AGGRESSIVE;
				GCC_WARN_UNUSED_FUNCTION = YES;
				GCC_WARN_UNUSED_VARIABLE = YES;
				IPHONEOS_DEPLOYMENT_TARGET = 15.2;
				MTL_ENABLE_DEBUG_INFO = NO;
				MTL_FAST_MATH = YES;
				SDKROOT = iphoneos;
				SWIFT_COMPILATION_MODE = wholemodule;
				SWIFT_OPTIMIZATION_LEVEL = "-O";
				VALIDATE_PRODUCT = YES;
			};
			name = Release;
		};
		8B33CE022808447E00A48E7F /* Debug */ = {
			isa = XCBuildConfiguration;
			buildSettings = {
				ASSETCATALOG_COMPILER_APPICON_NAME = AppIcon;
				ASSETCATALOG_COMPILER_GLOBAL_ACCENT_COLOR_NAME = AccentColor;
				CODE_SIGN_IDENTITY = "Apple Development";
				CODE_SIGN_STYLE = Automatic;
				CURRENT_PROJECT_VERSION = 1;
				DEVELOPMENT_ASSET_PATHS = "\"OrganizeMe/Preview Content\"";
				DEVELOPMENT_TEAM = 55V4KQ8R32;
				ENABLE_PREVIEWS = YES;
				GENERATE_INFOPLIST_FILE = YES;
				INFOPLIST_KEY_UIApplicationSceneManifest_Generation = YES;
				INFOPLIST_KEY_UIApplicationSupportsIndirectInputEvents = YES;
				INFOPLIST_KEY_UILaunchScreen_Generation = YES;
				INFOPLIST_KEY_UISupportedInterfaceOrientations_iPad = "UIInterfaceOrientationPortrait UIInterfaceOrientationPortraitUpsideDown UIInterfaceOrientationLandscapeLeft UIInterfaceOrientationLandscapeRight";
				INFOPLIST_KEY_UISupportedInterfaceOrientations_iPhone = "UIInterfaceOrientationPortrait UIInterfaceOrientationLandscapeLeft UIInterfaceOrientationLandscapeRight";
				LD_RUNPATH_SEARCH_PATHS = (
					"$(inherited)",
					"@executable_path/Frameworks",
				);
				MARKETING_VERSION = 1.0;
				PRODUCT_BUNDLE_IDENTIFIER = bianca.ferreira.OrganizeMe;
				PRODUCT_NAME = "$(TARGET_NAME)";
				PROVISIONING_PROFILE_SPECIFIER = "";
				SWIFT_EMIT_LOC_STRINGS = YES;
				SWIFT_VERSION = 5.0;
				TARGETED_DEVICE_FAMILY = "1,2";
			};
			name = Debug;
		};
		8B33CE032808447E00A48E7F /* Release */ = {
			isa = XCBuildConfiguration;
			buildSettings = {
				ASSETCATALOG_COMPILER_APPICON_NAME = AppIcon;
				ASSETCATALOG_COMPILER_GLOBAL_ACCENT_COLOR_NAME = AccentColor;
				CODE_SIGN_IDENTITY = "Apple Development";
				CODE_SIGN_STYLE = Automatic;
				CURRENT_PROJECT_VERSION = 1;
				DEVELOPMENT_ASSET_PATHS = "\"OrganizeMe/Preview Content\"";
				DEVELOPMENT_TEAM = 55V4KQ8R32;
				ENABLE_PREVIEWS = YES;
				GENERATE_INFOPLIST_FILE = YES;
				INFOPLIST_KEY_UIApplicationSceneManifest_Generation = YES;
				INFOPLIST_KEY_UIApplicationSupportsIndirectInputEvents = YES;
				INFOPLIST_KEY_UILaunchScreen_Generation = YES;
				INFOPLIST_KEY_UISupportedInterfaceOrientations_iPad = "UIInterfaceOrientationPortrait UIInterfaceOrientationPortraitUpsideDown UIInterfaceOrientationLandscapeLeft UIInterfaceOrientationLandscapeRight";
				INFOPLIST_KEY_UISupportedInterfaceOrientations_iPhone = "UIInterfaceOrientationPortrait UIInterfaceOrientationLandscapeLeft UIInterfaceOrientationLandscapeRight";
				LD_RUNPATH_SEARCH_PATHS = (
					"$(inherited)",
					"@executable_path/Frameworks",
				);
				MARKETING_VERSION = 1.0;
				PRODUCT_BUNDLE_IDENTIFIER = bianca.ferreira.OrganizeMe;
				PRODUCT_NAME = "$(TARGET_NAME)";
				PROVISIONING_PROFILE_SPECIFIER = "";
				SWIFT_EMIT_LOC_STRINGS = YES;
				SWIFT_VERSION = 5.0;
				TARGETED_DEVICE_FAMILY = "1,2";
			};
			name = Release;
		};
		8B33CE052808447E00A48E7F /* Debug */ = {
			isa = XCBuildConfiguration;
			buildSettings = {
				ALWAYS_EMBED_SWIFT_STANDARD_LIBRARIES = YES;
				BUNDLE_LOADER = "$(TEST_HOST)";
				CODE_SIGN_STYLE = Automatic;
				CURRENT_PROJECT_VERSION = 1;
				DEVELOPMENT_TEAM = R6CNAQ5BW3;
				GENERATE_INFOPLIST_FILE = YES;
				IPHONEOS_DEPLOYMENT_TARGET = 15.2;
				MARKETING_VERSION = 1.0;
				PRODUCT_BUNDLE_IDENTIFIER = bianca.ferreira.OrganizeMeTests;
				PRODUCT_NAME = "$(TARGET_NAME)";
				SWIFT_EMIT_LOC_STRINGS = NO;
				SWIFT_VERSION = 5.0;
				TARGETED_DEVICE_FAMILY = "1,2";
				TEST_HOST = "$(BUILT_PRODUCTS_DIR)/OrganizeMe.app/OrganizeMe";
			};
			name = Debug;
		};
		8B33CE062808447E00A48E7F /* Release */ = {
			isa = XCBuildConfiguration;
			buildSettings = {
				ALWAYS_EMBED_SWIFT_STANDARD_LIBRARIES = YES;
				BUNDLE_LOADER = "$(TEST_HOST)";
				CODE_SIGN_STYLE = Automatic;
				CURRENT_PROJECT_VERSION = 1;
				DEVELOPMENT_TEAM = R6CNAQ5BW3;
				GENERATE_INFOPLIST_FILE = YES;
				IPHONEOS_DEPLOYMENT_TARGET = 15.2;
				MARKETING_VERSION = 1.0;
				PRODUCT_BUNDLE_IDENTIFIER = bianca.ferreira.OrganizeMeTests;
				PRODUCT_NAME = "$(TARGET_NAME)";
				SWIFT_EMIT_LOC_STRINGS = NO;
				SWIFT_VERSION = 5.0;
				TARGETED_DEVICE_FAMILY = "1,2";
				TEST_HOST = "$(BUILT_PRODUCTS_DIR)/OrganizeMe.app/OrganizeMe";
			};
			name = Release;
		};
		8B33CE082808447E00A48E7F /* Debug */ = {
			isa = XCBuildConfiguration;
			buildSettings = {
				ALWAYS_EMBED_SWIFT_STANDARD_LIBRARIES = YES;
				CODE_SIGN_STYLE = Automatic;
				CURRENT_PROJECT_VERSION = 1;
				DEVELOPMENT_TEAM = R6CNAQ5BW3;
				GENERATE_INFOPLIST_FILE = YES;
				MARKETING_VERSION = 1.0;
				PRODUCT_BUNDLE_IDENTIFIER = bianca.ferreira.OrganizeMeUITests;
				PRODUCT_NAME = "$(TARGET_NAME)";
				SWIFT_EMIT_LOC_STRINGS = NO;
				SWIFT_VERSION = 5.0;
				TARGETED_DEVICE_FAMILY = "1,2";
				TEST_TARGET_NAME = OrganizeMe;
			};
			name = Debug;
		};
		8B33CE092808447E00A48E7F /* Release */ = {
			isa = XCBuildConfiguration;
			buildSettings = {
				ALWAYS_EMBED_SWIFT_STANDARD_LIBRARIES = YES;
				CODE_SIGN_STYLE = Automatic;
				CURRENT_PROJECT_VERSION = 1;
				DEVELOPMENT_TEAM = R6CNAQ5BW3;
				GENERATE_INFOPLIST_FILE = YES;
				MARKETING_VERSION = 1.0;
				PRODUCT_BUNDLE_IDENTIFIER = bianca.ferreira.OrganizeMeUITests;
				PRODUCT_NAME = "$(TARGET_NAME)";
				SWIFT_EMIT_LOC_STRINGS = NO;
				SWIFT_VERSION = 5.0;
				TARGETED_DEVICE_FAMILY = "1,2";
				TEST_TARGET_NAME = OrganizeMe;
			};
			name = Release;
		};
/* End XCBuildConfiguration section */

/* Begin XCConfigurationList section */
		8B33CDD82808447B00A48E7F /* Build configuration list for PBXProject "OrganizeMe" */ = {
			isa = XCConfigurationList;
			buildConfigurations = (
				8B33CDFF2808447E00A48E7F /* Debug */,
				8B33CE002808447E00A48E7F /* Release */,
			);
			defaultConfigurationIsVisible = 0;
			defaultConfigurationName = Release;
		};
		8B33CE012808447E00A48E7F /* Build configuration list for PBXNativeTarget "OrganizeMe" */ = {
			isa = XCConfigurationList;
			buildConfigurations = (
				8B33CE022808447E00A48E7F /* Debug */,
				8B33CE032808447E00A48E7F /* Release */,
			);
			defaultConfigurationIsVisible = 0;
			defaultConfigurationName = Release;
		};
		8B33CE042808447E00A48E7F /* Build configuration list for PBXNativeTarget "OrganizeMeTests" */ = {
			isa = XCConfigurationList;
			buildConfigurations = (
				8B33CE052808447E00A48E7F /* Debug */,
				8B33CE062808447E00A48E7F /* Release */,
			);
			defaultConfigurationIsVisible = 0;
			defaultConfigurationName = Release;
		};
		8B33CE072808447E00A48E7F /* Build configuration list for PBXNativeTarget "OrganizeMeUITests" */ = {
			isa = XCConfigurationList;
			buildConfigurations = (
				8B33CE082808447E00A48E7F /* Debug */,
				8B33CE092808447E00A48E7F /* Release */,
			);
			defaultConfigurationIsVisible = 0;
			defaultConfigurationName = Release;
		};
/* End XCConfigurationList section */
	};
	rootObject = 8B33CDD52808447B00A48E7F /* Project object */;
}
